
Microsoft Visual Studio Solution File, Format Version 12.00
# Visual Studio Version 17
VisualStudioVersion = 17.12.35707.178 d17.12
MinimumVisualStudioVersion = 10.0.40219.1
Project("{FAE04EC0-301F-11D3-BF4B-00C04F79EFBC}") = "StockMarket.Domain", "StockMarket.Domain\StockMarket.Domain.csproj", "{FADF72C8-3B77-4E8D-9ED6-534B26984397}"
EndProject
Project("{FAE04EC0-301F-11D3-BF4B-00C04F79EFBC}") = "StockMarket.EntityFramework", "StockMarket.EntityFramework\StockMarket.EntityFramework.csproj", "{5ECEBFB1-8480-4F61-A891-ED058AC45C3F}"
EndProject
Project("{FAE04EC0-301F-11D3-BF4B-00C04F79EFBC}") = "ConsoleApp1", "ConsoleApp1\ConsoleApp1.csproj", "{B95B5B65-0141-48B5-972B-285E8DAA4929}"
EndProject
Project("{FAE04EC0-301F-11D3-BF4B-00C04F79EFBC}") = "StockMarket.WPF", "StockMarket.WPF\StockMarket.WPF.csproj", "{92741592-1DF1-45F8-959A-1604C6F751E9}"
EndProject
Global
	GlobalSection(SolutionConfigurationPlatforms) = preSolution
		Debug|Any CPU = Debug|Any CPU
		Release|Any CPU = Release|Any CPU
	EndGlobalSection
	GlobalSection(ProjectConfigurationPlatforms) = postSolution
		{FADF72C8-3B77-4E8D-9ED6-534B26984397}.Debug|Any CPU.ActiveCfg = Debug|Any CPU
		{FADF72C8-3B77-4E8D-9ED6-534B26984397}.Debug|Any CPU.Build.0 = Debug|Any CPU
		{FADF72C8-3B77-4E8D-9ED6-534B26984397}.Release|Any CPU.ActiveCfg = Release|Any CPU
		{FADF72C8-3B77-4E8D-9ED6-534B26984397}.Release|Any CPU.Build.0 = Release|Any CPU
		{5ECEBFB1-8480-4F61-A891-ED058AC45C3F}.Debug|Any CPU.ActiveCfg = Debug|Any CPU
		{5ECEBFB1-8480-4F61-A891-ED058AC45C3F}.Debug|Any CPU.Build.0 = Debug|Any CPU
		{5ECEBFB1-8480-4F61-A891-ED058AC45C3F}.Release|Any CPU.ActiveCfg = Release|Any CPU
		{5ECEBFB1-8480-4F61-A891-ED058AC45C3F}.Release|Any CPU.Build.0 = Release|Any CPU
		{B95B5B65-0141-48B5-972B-285E8DAA4929}.Debug|Any CPU.ActiveCfg = Debug|Any CPU
		{B95B5B65-0141-48B5-972B-285E8DAA4929}.Debug|Any CPU.Build.0 = Debug|Any CPU
		{B95B5B65-0141-48B5-972B-285E8DAA4929}.Release|Any CPU.ActiveCfg = Release|Any CPU
		{B95B5B65-0141-48B5-972B-285E8DAA4929}.Release|Any CPU.Build.0 = Release|Any CPU
		{92741592-1DF1-45F8-959A-1604C6F751E9}.Debug|Any CPU.ActiveCfg = Debug|Any CPU
		{92741592-1DF1-45F8-959A-1604C6F751E9}.Debug|Any CPU.Build.0 = Debug|Any CPU
		{92741592-1DF1-45F8-959A-1604C6F751E9}.Release|Any CPU.ActiveCfg = Release|Any CPU
		{92741592-1DF1-45F8-959A-1604C6F751E9}.Release|Any CPU.Build.0 = Release|Any CPU
	EndGlobalSection
	GlobalSection(SolutionProperties) = preSolution
		HideSolutionNode = FALSE
	EndGlobalSection
EndGlobal
